
Microsoft Visual Studio Solution File, Format Version 12.00
# Visual Studio 15
VisualStudioVersion = 15.0.27703.2018
MinimumVisualStudioVersion = 10.0.40219.1
Project("{FAE04EC0-301F-11D3-BF4B-00C04F79EFBC}") = "Lands.Android", "Lands\Lands.Android\Lands.Android.csproj", "{B1BE2A61-15B5-4C93-8ECD-98CD52986CA5}"
EndProject
Project("{FAE04EC0-301F-11D3-BF4B-00C04F79EFBC}") = "Lands.iOS", "Lands\Lands.iOS\Lands.iOS.csproj", "{15A3273D-0FBB-46DB-9D1D-C1E4B66C8CAF}"
EndProject
Project("{9A19103F-16F7-4668-BE54-9A1E7A4F7556}") = "Lands", "Lands\Lands\Lands.csproj", "{A7882123-368F-4084-A523-D5E7B6F59239}"
EndProject
Project("{FAE04EC0-301F-11D3-BF4B-00C04F79EFBC}") = "Lands.Domain", "Lands.Domain\Lands.Domain.csproj", "{63C73F3E-D86A-44F8-9602-F791C2EEC061}"
EndProject
Project("{FAE04EC0-301F-11D3-BF4B-00C04F79EFBC}") = "Lands.Backend", "Lands.Backend\Lands.Backend.csproj", "{E686319A-266E-400E-824C-9B6D78F1D7D5}"
EndProject
Project("{FAE04EC0-301F-11D3-BF4B-00C04F79EFBC}") = "Lands.API", "Lands.API\Lands.API.csproj", "{92AD1B0B-F9E9-4CCD-B98F-FC39531614EB}"
EndProject
Global
	GlobalSection(SolutionConfigurationPlatforms) = preSolution
		Ad-Hoc|Any CPU = Ad-Hoc|Any CPU
		Ad-Hoc|iPhone = Ad-Hoc|iPhone
		Ad-Hoc|iPhoneSimulator = Ad-Hoc|iPhoneSimulator
		AppStore|Any CPU = AppStore|Any CPU
		AppStore|iPhone = AppStore|iPhone
		AppStore|iPhoneSimulator = AppStore|iPhoneSimulator
		Debug|Any CPU = Debug|Any CPU
		Debug|iPhone = Debug|iPhone
		Debug|iPhoneSimulator = Debug|iPhoneSimulator
		Release|Any CPU = Release|Any CPU
		Release|iPhone = Release|iPhone
		Release|iPhoneSimulator = Release|iPhoneSimulator
	EndGlobalSection
	GlobalSection(ProjectConfigurationPlatforms) = postSolution
		{B1BE2A61-15B5-4C93-8ECD-98CD52986CA5}.Ad-Hoc|Any CPU.ActiveCfg = Release|Any CPU
		{B1BE2A61-15B5-4C93-8ECD-98CD52986CA5}.Ad-Hoc|Any CPU.Build.0 = Release|Any CPU
		{B1BE2A61-15B5-4C93-8ECD-98CD52986CA5}.Ad-Hoc|Any CPU.Deploy.0 = Release|Any CPU
		{B1BE2A61-15B5-4C93-8ECD-98CD52986CA5}.Ad-Hoc|iPhone.ActiveCfg = Release|Any CPU
		{B1BE2A61-15B5-4C93-8ECD-98CD52986CA5}.Ad-Hoc|iPhone.Build.0 = Release|Any CPU
		{B1BE2A61-15B5-4C93-8ECD-98CD52986CA5}.Ad-Hoc|iPhone.Deploy.0 = Release|Any CPU
		{B1BE2A61-15B5-4C93-8ECD-98CD52986CA5}.Ad-Hoc|iPhoneSimulator.ActiveCfg = Release|Any CPU
		{B1BE2A61-15B5-4C93-8ECD-98CD52986CA5}.Ad-Hoc|iPhoneSimulator.Build.0 = Release|Any CPU
		{B1BE2A61-15B5-4C93-8ECD-98CD52986CA5}.Ad-Hoc|iPhoneSimulator.Deploy.0 = Release|Any CPU
		{B1BE2A61-15B5-4C93-8ECD-98CD52986CA5}.AppStore|Any CPU.ActiveCfg = Release|Any CPU
		{B1BE2A61-15B5-4C93-8ECD-98CD52986CA5}.AppStore|Any CPU.Build.0 = Release|Any CPU
		{B1BE2A61-15B5-4C93-8ECD-98CD52986CA5}.AppStore|Any CPU.Deploy.0 = Release|Any CPU
		{B1BE2A61-15B5-4C93-8ECD-98CD52986CA5}.AppStore|iPhone.ActiveCfg = Release|Any CPU
		{B1BE2A61-15B5-4C93-8ECD-98CD52986CA5}.AppStore|iPhone.Build.0 = Release|Any CPU
		{B1BE2A61-15B5-4C93-8ECD-98CD52986CA5}.AppStore|iPhone.Deploy.0 = Release|Any CPU
		{B1BE2A61-15B5-4C93-8ECD-98CD52986CA5}.AppStore|iPhoneSimulator.ActiveCfg = Release|Any CPU
		{B1BE2A61-15B5-4C93-8ECD-98CD52986CA5}.AppStore|iPhoneSimulator.Build.0 = Release|Any CPU
		{B1BE2A61-15B5-4C93-8ECD-98CD52986CA5}.AppStore|iPhoneSimulator.Deploy.0 = Release|Any CPU
		{B1BE2A61-15B5-4C93-8ECD-98CD52986CA5}.Debug|Any CPU.ActiveCfg = Debug|Any CPU
		{B1BE2A61-15B5-4C93-8ECD-98CD52986CA5}.Debug|Any CPU.Build.0 = Debug|Any CPU
		{B1BE2A61-15B5-4C93-8ECD-98CD52986CA5}.Debug|Any CPU.Deploy.0 = Debug|Any CPU
		{B1BE2A61-15B5-4C93-8ECD-98CD52986CA5}.Debug|iPhone.ActiveCfg = Debug|Any CPU
		{B1BE2A61-15B5-4C93-8ECD-98CD52986CA5}.Debug|iPhone.Build.0 = Debug|Any CPU
		{B1BE2A61-15B5-4C93-8ECD-98CD52986CA5}.Debug|iPhone.Deploy.0 = Debug|Any CPU
		{B1BE2A61-15B5-4C93-8ECD-98CD52986CA5}.Debug|iPhoneSimulator.ActiveCfg = Debug|Any CPU
		{B1BE2A61-15B5-4C93-8ECD-98CD52986CA5}.Debug|iPhoneSimulator.Build.0 = Debug|Any CPU
		{B1BE2A61-15B5-4C93-8ECD-98CD52986CA5}.Debug|iPhoneSimulator.Deploy.0 = Debug|Any CPU
		{B1BE2A61-15B5-4C93-8ECD-98CD52986CA5}.Release|Any CPU.ActiveCfg = Release|Any CPU
		{B1BE2A61-15B5-4C93-8ECD-98CD52986CA5}.Release|Any CPU.Build.0 = Release|Any CPU
		{B1BE2A61-15B5-4C93-8ECD-98CD52986CA5}.Release|Any CPU.Deploy.0 = Release|Any CPU
		{B1BE2A61-15B5-4C93-8ECD-98CD52986CA5}.Release|iPhone.ActiveCfg = Release|Any CPU
		{B1BE2A61-15B5-4C93-8ECD-98CD52986CA5}.Release|iPhone.Build.0 = Release|Any CPU
		{B1BE2A61-15B5-4C93-8ECD-98CD52986CA5}.Release|iPhone.Deploy.0 = Release|Any CPU
		{B1BE2A61-15B5-4C93-8ECD-98CD52986CA5}.Release|iPhoneSimulator.ActiveCfg = Release|Any CPU
		{B1BE2A61-15B5-4C93-8ECD-98CD52986CA5}.Release|iPhoneSimulator.Build.0 = Release|Any CPU
		{B1BE2A61-15B5-4C93-8ECD-98CD52986CA5}.Release|iPhoneSimulator.Deploy.0 = Release|Any CPU
		{15A3273D-0FBB-46DB-9D1D-C1E4B66C8CAF}.Ad-Hoc|Any CPU.ActiveCfg = Ad-Hoc|iPhone
		{15A3273D-0FBB-46DB-9D1D-C1E4B66C8CAF}.Ad-Hoc|Any CPU.Build.0 = Ad-Hoc|iPhone
		{15A3273D-0FBB-46DB-9D1D-C1E4B66C8CAF}.Ad-Hoc|Any CPU.Deploy.0 = Ad-Hoc|iPhone
		{15A3273D-0FBB-46DB-9D1D-C1E4B66C8CAF}.Ad-Hoc|iPhone.ActiveCfg = Ad-Hoc|iPhone
		{15A3273D-0FBB-46DB-9D1D-C1E4B66C8CAF}.Ad-Hoc|iPhone.Build.0 = Ad-Hoc|iPhone
		{15A3273D-0FBB-46DB-9D1D-C1E4B66C8CAF}.Ad-Hoc|iPhone.Deploy.0 = Ad-Hoc|iPhone
		{15A3273D-0FBB-46DB-9D1D-C1E4B66C8CAF}.Ad-Hoc|iPhoneSimulator.ActiveCfg = Ad-Hoc|iPhoneSimulator
		{15A3273D-0FBB-46DB-9D1D-C1E4B66C8CAF}.Ad-Hoc|iPhoneSimulator.Build.0 = Ad-Hoc|iPhoneSimulator
		{15A3273D-0FBB-46DB-9D1D-C1E4B66C8CAF}.Ad-Hoc|iPhoneSimulator.Deploy.0 = Ad-Hoc|iPhoneSimulator
		{15A3273D-0FBB-46DB-9D1D-C1E4B66C8CAF}.AppStore|Any CPU.ActiveCfg = AppStore|iPhone
		{15A3273D-0FBB-46DB-9D1D-C1E4B66C8CAF}.AppStore|Any CPU.Build.0 = AppStore|iPhone
		{15A3273D-0FBB-46DB-9D1D-C1E4B66C8CAF}.AppStore|Any CPU.Deploy.0 = AppStore|iPhone
		{15A3273D-0FBB-46DB-9D1D-C1E4B66C8CAF}.AppStore|iPhone.ActiveCfg = AppStore|iPhone
		{15A3273D-0FBB-46DB-9D1D-C1E4B66C8CAF}.AppStore|iPhone.Build.0 = AppStore|iPhone
		{15A3273D-0FBB-46DB-9D1D-C1E4B66C8CAF}.AppStore|iPhone.Deploy.0 = AppStore|iPhone
		{15A3273D-0FBB-46DB-9D1D-C1E4B66C8CAF}.AppStore|iPhoneSimulator.ActiveCfg = AppStore|iPhoneSimulator
		{15A3273D-0FBB-46DB-9D1D-C1E4B66C8CAF}.AppStore|iPhoneSimulator.Build.0 = AppStore|iPhoneSimulator
		{15A3273D-0FBB-46DB-9D1D-C1E4B66C8CAF}.AppStore|iPhoneSimulator.Deploy.0 = AppStore|iPhoneSimulator
		{15A3273D-0FBB-46DB-9D1D-C1E4B66C8CAF}.Debug|Any CPU.ActiveCfg = Debug|iPhoneSimulator
		{15A3273D-0FBB-46DB-9D1D-C1E4B66C8CAF}.Debug|Any CPU.Build.0 = Debug|iPhoneSimulator
		{15A3273D-0FBB-46DB-9D1D-C1E4B66C8CAF}.Debug|Any CPU.Deploy.0 = Debug|iPhoneSimulator
		{15A3273D-0FBB-46DB-9D1D-C1E4B66C8CAF}.Debug|iPhone.ActiveCfg = Debug|iPhone
		{15A3273D-0FBB-46DB-9D1D-C1E4B66C8CAF}.Debug|iPhone.Build.0 = Debug|iPhone
		{15A3273D-0FBB-46DB-9D1D-C1E4B66C8CAF}.Debug|iPhone.Deploy.0 = Debug|iPhone
		{15A3273D-0FBB-46DB-9D1D-C1E4B66C8CAF}.Debug|iPhoneSimulator.ActiveCfg = Debug|iPhoneSimulator
		{15A3273D-0FBB-46DB-9D1D-C1E4B66C8CAF}.Debug|iPhoneSimulator.Build.0 = Debug|iPhoneSimulator
		{15A3273D-0FBB-46DB-9D1D-C1E4B66C8CAF}.Debug|iPhoneSimulator.Deploy.0 = Debug|iPhoneSimulator
		{15A3273D-0FBB-46DB-9D1D-C1E4B66C8CAF}.Release|Any CPU.ActiveCfg = Release|iPhone
		{15A3273D-0FBB-46DB-9D1D-C1E4B66C8CAF}.Release|Any CPU.Build.0 = Release|iPhone
		{15A3273D-0FBB-46DB-9D1D-C1E4B66C8CAF}.Release|Any CPU.Deploy.0 = Release|iPhone
		{15A3273D-0FBB-46DB-9D1D-C1E4B66C8CAF}.Release|iPhone.ActiveCfg = Release|iPhone
		{15A3273D-0FBB-46DB-9D1D-C1E4B66C8CAF}.Release|iPhone.Build.0 = Release|iPhone
		{15A3273D-0FBB-46DB-9D1D-C1E4B66C8CAF}.Release|iPhone.Deploy.0 = Release|iPhone
		{15A3273D-0FBB-46DB-9D1D-C1E4B66C8CAF}.Release|iPhoneSimulator.ActiveCfg = Release|iPhoneSimulator
		{15A3273D-0FBB-46DB-9D1D-C1E4B66C8CAF}.Release|iPhoneSimulator.Build.0 = Release|iPhoneSimulator
		{15A3273D-0FBB-46DB-9D1D-C1E4B66C8CAF}.Release|iPhoneSimulator.Deploy.0 = Release|iPhoneSimulator
		{A7882123-368F-4084-A523-D5E7B6F59239}.Ad-Hoc|Any CPU.ActiveCfg = Debug|Any CPU
		{A7882123-368F-4084-A523-D5E7B6F59239}.Ad-Hoc|Any CPU.Build.0 = Debug|Any CPU
		{A7882123-368F-4084-A523-D5E7B6F59239}.Ad-Hoc|Any CPU.Deploy.0 = Debug|Any CPU
		{A7882123-368F-4084-A523-D5E7B6F59239}.Ad-Hoc|iPhone.ActiveCfg = Debug|Any CPU
		{A7882123-368F-4084-A523-D5E7B6F59239}.Ad-Hoc|iPhone.Build.0 = Debug|Any CPU
		{A7882123-368F-4084-A523-D5E7B6F59239}.Ad-Hoc|iPhone.Deploy.0 = Debug|Any CPU
		{A7882123-368F-4084-A523-D5E7B6F59239}.Ad-Hoc|iPhoneSimulator.ActiveCfg = Debug|Any CPU
		{A7882123-368F-4084-A523-D5E7B6F59239}.Ad-Hoc|iPhoneSimulator.Build.0 = Debug|Any CPU
		{A7882123-368F-4084-A523-D5E7B6F59239}.Ad-Hoc|iPhoneSimulator.Deploy.0 = Debug|Any CPU
		{A7882123-368F-4084-A523-D5E7B6F59239}.AppStore|Any CPU.ActiveCfg = Debug|Any CPU
		{A7882123-368F-4084-A523-D5E7B6F59239}.AppStore|Any CPU.Build.0 = Debug|Any CPU
		{A7882123-368F-4084-A523-D5E7B6F59239}.AppStore|Any CPU.Deploy.0 = Debug|Any CPU
		{A7882123-368F-4084-A523-D5E7B6F59239}.AppStore|iPhone.ActiveCfg = Debug|Any CPU
		{A7882123-368F-4084-A523-D5E7B6F59239}.AppStore|iPhone.Build.0 = Debug|Any CPU
		{A7882123-368F-4084-A523-D5E7B6F59239}.AppStore|iPhone.Deploy.0 = Debug|Any CPU
		{A7882123-368F-4084-A523-D5E7B6F59239}.AppStore|iPhoneSimulator.ActiveCfg = Debug|Any CPU
		{A7882123-368F-4084-A523-D5E7B6F59239}.AppStore|iPhoneSimulator.Build.0 = Debug|Any CPU
		{A7882123-368F-4084-A523-D5E7B6F59239}.AppStore|iPhoneSimulator.Deploy.0 = Debug|Any CPU
		{A7882123-368F-4084-A523-D5E7B6F59239}.Debug|Any CPU.ActiveCfg = Debug|Any CPU
		{A7882123-368F-4084-A523-D5E7B6F59239}.Debug|Any CPU.Build.0 = Debug|Any CPU
		{A7882123-368F-4084-A523-D5E7B6F59239}.Debug|Any CPU.Deploy.0 = Debug|Any CPU
		{A7882123-368F-4084-A523-D5E7B6F59239}.Debug|iPhone.ActiveCfg = Debug|Any CPU
		{A7882123-368F-4084-A523-D5E7B6F59239}.Debug|iPhone.Build.0 = Debug|Any CPU
		{A7882123-368F-4084-A523-D5E7B6F59239}.Debug|iPhone.Deploy.0 = Debug|Any CPU
		{A7882123-368F-4084-A523-D5E7B6F59239}.Debug|iPhoneSimulator.ActiveCfg = Debug|Any CPU
		{A7882123-368F-4084-A523-D5E7B6F59239}.Debug|iPhoneSimulator.Build.0 = Debug|Any CPU
		{A7882123-368F-4084-A523-D5E7B6F59239}.Debug|iPhoneSimulator.Deploy.0 = Debug|Any CPU
		{A7882123-368F-4084-A523-D5E7B6F59239}.Release|Any CPU.ActiveCfg = Release|Any CPU
		{A7882123-368F-4084-A523-D5E7B6F59239}.Release|Any CPU.Build.0 = Release|Any CPU
		{A7882123-368F-4084-A523-D5E7B6F59239}.Release|Any CPU.Deploy.0 = Release|Any CPU
		{A7882123-368F-4084-A523-D5E7B6F59239}.Release|iPhone.ActiveCfg = Release|Any CPU
		{A7882123-368F-4084-A523-D5E7B6F59239}.Release|iPhone.Build.0 = Release|Any CPU
		{A7882123-368F-4084-A523-D5E7B6F59239}.Release|iPhone.Deploy.0 = Release|Any CPU
		{A7882123-368F-4084-A523-D5E7B6F59239}.Release|iPhoneSimulator.ActiveCfg = Release|Any CPU
		{A7882123-368F-4084-A523-D5E7B6F59239}.Release|iPhoneSimulator.Build.0 = Release|Any CPU
		{A7882123-368F-4084-A523-D5E7B6F59239}.Release|iPhoneSimulator.Deploy.0 = Release|Any CPU
		{63C73F3E-D86A-44F8-9602-F791C2EEC061}.Ad-Hoc|Any CPU.ActiveCfg = Release|Any CPU
		{63C73F3E-D86A-44F8-9602-F791C2EEC061}.Ad-Hoc|Any CPU.Build.0 = Release|Any CPU
		{63C73F3E-D86A-44F8-9602-F791C2EEC061}.Ad-Hoc|iPhone.ActiveCfg = Release|Any CPU
		{63C73F3E-D86A-44F8-9602-F791C2EEC061}.Ad-Hoc|iPhone.Build.0 = Release|Any CPU
		{63C73F3E-D86A-44F8-9602-F791C2EEC061}.Ad-Hoc|iPhoneSimulator.ActiveCfg = Release|Any CPU
		{63C73F3E-D86A-44F8-9602-F791C2EEC061}.Ad-Hoc|iPhoneSimulator.Build.0 = Release|Any CPU
		{63C73F3E-D86A-44F8-9602-F791C2EEC061}.AppStore|Any CPU.ActiveCfg = Release|Any CPU
		{63C73F3E-D86A-44F8-9602-F791C2EEC061}.AppStore|Any CPU.Build.0 = Release|Any CPU
		{63C73F3E-D86A-44F8-9602-F791C2EEC061}.AppStore|iPhone.ActiveCfg = Release|Any CPU
		{63C73F3E-D86A-44F8-9602-F791C2EEC061}.AppStore|iPhone.Build.0 = Release|Any CPU
		{63C73F3E-D86A-44F8-9602-F791C2EEC061}.AppStore|iPhoneSimulator.ActiveCfg = Release|Any CPU
		{63C73F3E-D86A-44F8-9602-F791C2EEC061}.AppStore|iPhoneSimulator.Build.0 = Release|Any CPU
		{63C73F3E-D86A-44F8-9602-F791C2EEC061}.Debug|Any CPU.ActiveCfg = Debug|Any CPU
		{63C73F3E-D86A-44F8-9602-F791C2EEC061}.Debug|Any CPU.Build.0 = Debug|Any CPU
		{63C73F3E-D86A-44F8-9602-F791C2EEC061}.Debug|iPhone.ActiveCfg = Debug|Any CPU
		{63C73F3E-D86A-44F8-9602-F791C2EEC061}.Debug|iPhone.Build.0 = Debug|Any CPU
		{63C73F3E-D86A-44F8-9602-F791C2EEC061}.Debug|iPhoneSimulator.ActiveCfg = Debug|Any CPU
		{63C73F3E-D86A-44F8-9602-F791C2EEC061}.Debug|iPhoneSimulator.Build.0 = Debug|Any CPU
		{63C73F3E-D86A-44F8-9602-F791C2EEC061}.Release|Any CPU.ActiveCfg = Release|Any CPU
		{63C73F3E-D86A-44F8-9602-F791C2EEC061}.Release|Any CPU.Build.0 = Release|Any CPU
		{63C73F3E-D86A-44F8-9602-F791C2EEC061}.Release|iPhone.ActiveCfg = Release|Any CPU
		{63C73F3E-D86A-44F8-9602-F791C2EEC061}.Release|iPhone.Build.0 = Release|Any CPU
		{63C73F3E-D86A-44F8-9602-F791C2EEC061}.Release|iPhoneSimulator.ActiveCfg = Release|Any CPU
		{63C73F3E-D86A-44F8-9602-F791C2EEC061}.Release|iPhoneSimulator.Build.0 = Release|Any CPU
		{E686319A-266E-400E-824C-9B6D78F1D7D5}.Ad-Hoc|Any CPU.ActiveCfg = Release|Any CPU
		{E686319A-266E-400E-824C-9B6D78F1D7D5}.Ad-Hoc|Any CPU.Build.0 = Release|Any CPU
		{E686319A-266E-400E-824C-9B6D78F1D7D5}.Ad-Hoc|iPhone.ActiveCfg = Release|Any CPU
		{E686319A-266E-400E-824C-9B6D78F1D7D5}.Ad-Hoc|iPhone.Build.0 = Release|Any CPU
		{E686319A-266E-400E-824C-9B6D78F1D7D5}.Ad-Hoc|iPhoneSimulator.ActiveCfg = Release|Any CPU
		{E686319A-266E-400E-824C-9B6D78F1D7D5}.Ad-Hoc|iPhoneSimulator.Build.0 = Release|Any CPU
		{E686319A-266E-400E-824C-9B6D78F1D7D5}.AppStore|Any CPU.ActiveCfg = Release|Any CPU
		{E686319A-266E-400E-824C-9B6D78F1D7D5}.AppStore|Any CPU.Build.0 = Release|Any CPU
		{E686319A-266E-400E-824C-9B6D78F1D7D5}.AppStore|iPhone.ActiveCfg = Release|Any CPU
		{E686319A-266E-400E-824C-9B6D78F1D7D5}.AppStore|iPhone.Build.0 = Release|Any CPU
		{E686319A-266E-400E-824C-9B6D78F1D7D5}.AppStore|iPhoneSimulator.ActiveCfg = Release|Any CPU
		{E686319A-266E-400E-824C-9B6D78F1D7D5}.AppStore|iPhoneSimulator.Build.0 = Release|Any CPU
		{E686319A-266E-400E-824C-9B6D78F1D7D5}.Debug|Any CPU.ActiveCfg = Debug|Any CPU
		{E686319A-266E-400E-824C-9B6D78F1D7D5}.Debug|Any CPU.Build.0 = Debug|Any CPU
		{E686319A-266E-400E-824C-9B6D78F1D7D5}.Debug|iPhone.ActiveCfg = Debug|Any CPU
		{E686319A-266E-400E-824C-9B6D78F1D7D5}.Debug|iPhone.Build.0 = Debug|Any CPU
		{E686319A-266E-400E-824C-9B6D78F1D7D5}.Debug|iPhoneSimulator.ActiveCfg = Debug|Any CPU
		{E686319A-266E-400E-824C-9B6D78F1D7D5}.Debug|iPhoneSimulator.Build.0 = Debug|Any CPU
		{E686319A-266E-400E-824C-9B6D78F1D7D5}.Release|Any CPU.ActiveCfg = Release|Any CPU
		{E686319A-266E-400E-824C-9B6D78F1D7D5}.Release|Any CPU.Build.0 = Release|Any CPU
		{E686319A-266E-400E-824C-9B6D78F1D7D5}.Release|iPhone.ActiveCfg = Release|Any CPU
		{E686319A-266E-400E-824C-9B6D78F1D7D5}.Release|iPhone.Build.0 = Release|Any CPU
		{E686319A-266E-400E-824C-9B6D78F1D7D5}.Release|iPhoneSimulator.ActiveCfg = Release|Any CPU
		{E686319A-266E-400E-824C-9B6D78F1D7D5}.Release|iPhoneSimulator.Build.0 = Release|Any CPU
		{92AD1B0B-F9E9-4CCD-B98F-FC39531614EB}.Ad-Hoc|Any CPU.ActiveCfg = Release|Any CPU
		{92AD1B0B-F9E9-4CCD-B98F-FC39531614EB}.Ad-Hoc|Any CPU.Build.0 = Release|Any CPU
		{92AD1B0B-F9E9-4CCD-B98F-FC39531614EB}.Ad-Hoc|iPhone.ActiveCfg = Release|Any CPU
		{92AD1B0B-F9E9-4CCD-B98F-FC39531614EB}.Ad-Hoc|iPhone.Build.0 = Release|Any CPU
		{92AD1B0B-F9E9-4CCD-B98F-FC39531614EB}.Ad-Hoc|iPhoneSimulator.ActiveCfg = Release|Any CPU
		{92AD1B0B-F9E9-4CCD-B98F-FC39531614EB}.Ad-Hoc|iPhoneSimulator.Build.0 = Release|Any CPU
		{92AD1B0B-F9E9-4CCD-B98F-FC39531614EB}.AppStore|Any CPU.ActiveCfg = Release|Any CPU
		{92AD1B0B-F9E9-4CCD-B98F-FC39531614EB}.AppStore|Any CPU.Build.0 = Release|Any CPU
		{92AD1B0B-F9E9-4CCD-B98F-FC39531614EB}.AppStore|iPhone.ActiveCfg = Release|Any CPU
		{92AD1B0B-F9E9-4CCD-B98F-FC39531614EB}.AppStore|iPhone.Build.0 = Release|Any CPU
		{92AD1B0B-F9E9-4CCD-B98F-FC39531614EB}.AppStore|iPhoneSimulator.ActiveCfg = Release|Any CPU
		{92AD1B0B-F9E9-4CCD-B98F-FC39531614EB}.AppStore|iPhoneSimulator.Build.0 = Release|Any CPU
		{92AD1B0B-F9E9-4CCD-B98F-FC39531614EB}.Debug|Any CPU.ActiveCfg = Debug|Any CPU
		{92AD1B0B-F9E9-4CCD-B98F-FC39531614EB}.Debug|Any CPU.Build.0 = Debug|Any CPU
		{92AD1B0B-F9E9-4CCD-B98F-FC39531614EB}.Debug|iPhone.ActiveCfg = Debug|Any CPU
		{92AD1B0B-F9E9-4CCD-B98F-FC39531614EB}.Debug|iPhone.Build.0 = Debug|Any CPU
		{92AD1B0B-F9E9-4CCD-B98F-FC39531614EB}.Debug|iPhoneSimulator.ActiveCfg = Debug|Any CPU
		{92AD1B0B-F9E9-4CCD-B98F-FC39531614EB}.Debug|iPhoneSimulator.Build.0 = Debug|Any CPU
		{92AD1B0B-F9E9-4CCD-B98F-FC39531614EB}.Release|Any CPU.ActiveCfg = Release|Any CPU
		{92AD1B0B-F9E9-4CCD-B98F-FC39531614EB}.Release|Any CPU.Build.0 = Release|Any CPU
		{92AD1B0B-F9E9-4CCD-B98F-FC39531614EB}.Release|iPhone.ActiveCfg = Release|Any CPU
		{92AD1B0B-F9E9-4CCD-B98F-FC39531614EB}.Release|iPhone.Build.0 = Release|Any CPU
		{92AD1B0B-F9E9-4CCD-B98F-FC39531614EB}.Release|iPhoneSimulator.ActiveCfg = Release|Any CPU
		{92AD1B0B-F9E9-4CCD-B98F-FC39531614EB}.Release|iPhoneSimulator.Build.0 = Release|Any CPU
	EndGlobalSection
	GlobalSection(SolutionProperties) = preSolution
		HideSolutionNode = FALSE
	EndGlobalSection
	GlobalSection(ExtensibilityGlobals) = postSolution
		SolutionGuid = {D1216A3C-700B-4105-8907-6A8D1F6C6B28}
	EndGlobalSection
EndGlobal
